{
    "_readme": [
        "This file locks the dependencies of your project to a known state",
        "Read more about it at https://getcomposer.org/doc/01-basic-usage.md#installing-dependencies",
        "This file is @generated automatically"
    ],
    "content-hash": "e0ef33d0cb435013ce387ffd88fbe873",
    "packages": [
        {
            "name": "treptowkolleg/env",
            "version": "dev-master",
            "source": {
                "type": "git",
                "url": "https://github.com/treptowkolleg/env.git",
                "reference": "a6e7d4fb10db6a9f37ef05c607b9341a05732905"
            },
            "dist": {
                "type": "zip",
                "url": "https://api.github.com/repos/treptowkolleg/env/zipball/a6e7d4fb10db6a9f37ef05c607b9341a05732905",
                "reference": "a6e7d4fb10db6a9f37ef05c607b9341a05732905",
                "shasum": ""
            },
            "require": {
                "ext-pdo": "*",
                "php": ">=8.1"
            },
            "default-branch": true,
            "type": "package",
            "autoload": {
                "psr-4": {
                    "TreptowKolleg\\Environment\\": "src/"
                }
            },
            "notification-url": "https://packagist.org/downloads/",
            "license": [
                "mit"
            ],
            "authors": [
                {
                    "name": "AG Informatik",
                    "email": "123292918+treptowkolleg@users.noreply.github.com"
                }
            ],
            "description": "file system package",
            "support": {
                "issues": "https://github.com/treptowkolleg/env/issues",
                "source": "https://github.com/treptowkolleg/env/tree/master"
            },
            "time": "2024-12-05T16:06:19+00:00"
        }
    ],
    "packages-dev": [],
    "aliases": [],
    "minimum-stability": "dev",
    "stability-flags": {
        "treptowkolleg/env": 20
    },
    "prefer-stable": false,
    "prefer-lowest": false,
    "platform": {
        "php": ">=8.1",
        "ext-pdo": "*"
    },
    "platform-dev": [],
    "plugin-api-version": "2.6.0"
}
