{
    "_readme": [
        "This file locks the dependencies of your project to a known state",
        "Read more about it at https://getcomposer.org/doc/01-basic-usage.md#installing-dependencies",
        "This file is @generated automatically"
    ],
    "content-hash": "869fa19a13c47234b8b4b6389ca90ae6",
    "packages": [
        {
            "name": "treptowkolleg/env",
            "version": "1.0.5",
            "source": {
                "type": "git",
                "url": "https://github.com/treptowkolleg/env.git",
                "reference": "29f9f885c6d01e15ec664b5c704fbb3e417ec911"
            },
            "dist": {
                "type": "zip",
                "url": "https://api.github.com/repos/treptowkolleg/env/zipball/29f9f885c6d01e15ec664b5c704fbb3e417ec911",
                "reference": "29f9f885c6d01e15ec664b5c704fbb3e417ec911",
                "shasum": ""
            },
            "require": {
                "ext-pdo": "*",
                "php": ">=8.1"
            },
            "type": "package",
            "autoload": {
                "psr-4": {
                    "TreptowKolleg\\Environment\\": "src/"
                }
            },
            "notification-url": "https://packagist.org/downloads/",
            "license": [
                "mit"
            ],
            "authors": [
                {
                    "name": "AG Informatik",
                    "email": "123292918+treptowkolleg@users.noreply.github.com"
                }
            ],
            "description": "file system package",
            "support": {
                "issues": "https://github.com/treptowkolleg/env/issues",
                "source": "https://github.com/treptowkolleg/env/tree/1.0.5"
            },
            "time": "2024-12-03T12:15:20+00:00"
        }
    ],
    "packages-dev": [],
    "aliases": [],
    "minimum-stability": "stable",
    "stability-flags": {
        "treptowkolleg/env": 0
    },
    "prefer-stable": false,
    "prefer-lowest": false,
    "platform": {
        "php": ">=8.1",
        "ext-pdo": "*"
    },
    "platform-dev": [],
    "plugin-api-version": "2.6.0"
}
